
Microsoft Visual Studio Solution File, Format Version 12.00
# Visual Studio Version 16
VisualStudioVersion = 16.0.30225.117
MinimumVisualStudioVersion = 10.0.40219.1
Project("{9A19103F-16F7-4668-BE54-9A1E7A4F7556}") = "app", "app\app.csproj", "{3D47FEF2-BCB8-4D94-A1F5-71ACFEB61C94}"
EndProject
Project("{FAE04EC0-301F-11D3-BF4B-00C04F79EFBC}") = "Core", "Core\Core.csproj", "{28156352-E849-46AE-BE82-CAABF547E7C9}"
EndProject
Project("{FAE04EC0-301F-11D3-BF4B-00C04F79EFBC}") = "app.tests", "app.tests\app.tests.csproj", "{608AB705-E6B2-481C-B9AE-B6FBB202BB2E}"
EndProject
Global
	GlobalSection(SolutionConfigurationPlatforms) = preSolution
		Debug|Any CPU = Debug|Any CPU
		Release|Any CPU = Release|Any CPU
	EndGlobalSection
	GlobalSection(ProjectConfigurationPlatforms) = postSolution
		{3D47FEF2-BCB8-4D94-A1F5-71ACFEB61C94}.Debug|Any CPU.ActiveCfg = Debug|Any CPU
		{3D47FEF2-BCB8-4D94-A1F5-71ACFEB61C94}.Debug|Any CPU.Build.0 = Debug|Any CPU
		{3D47FEF2-BCB8-4D94-A1F5-71ACFEB61C94}.Release|Any CPU.ActiveCfg = Release|Any CPU
		{3D47FEF2-BCB8-4D94-A1F5-71ACFEB61C94}.Release|Any CPU.Build.0 = Release|Any CPU
		{28156352-E849-46AE-BE82-CAABF547E7C9}.Debug|Any CPU.ActiveCfg = Debug|Any CPU
		{28156352-E849-46AE-BE82-CAABF547E7C9}.Debug|Any CPU.Build.0 = Debug|Any CPU
		{28156352-E849-46AE-BE82-CAABF547E7C9}.Release|Any CPU.ActiveCfg = Release|Any CPU
		{28156352-E849-46AE-BE82-CAABF547E7C9}.Release|Any CPU.Build.0 = Release|Any CPU
		{608AB705-E6B2-481C-B9AE-B6FBB202BB2E}.Debug|Any CPU.ActiveCfg = Debug|Any CPU
		{608AB705-E6B2-481C-B9AE-B6FBB202BB2E}.Debug|Any CPU.Build.0 = Debug|Any CPU
		{608AB705-E6B2-481C-B9AE-B6FBB202BB2E}.Release|Any CPU.ActiveCfg = Release|Any CPU
		{608AB705-E6B2-481C-B9AE-B6FBB202BB2E}.Release|Any CPU.Build.0 = Release|Any CPU
	EndGlobalSection
	GlobalSection(SolutionProperties) = preSolution
		HideSolutionNode = FALSE
	EndGlobalSection
	GlobalSection(ExtensibilityGlobals) = postSolution
		SolutionGuid = {54757B69-CF4D-40A7-B21D-6C244A745C0F}
	EndGlobalSection
EndGlobal
