{
  "version": 4,
  "terraform_version": "0.12.26",
  "serial": 322,
  "lineage": "0b32bdc7-dd0c-8636-8982-cd8410917477",
  "outputs": {
    "ecr_repository": {
      "value": "402072331520.dkr.ecr.us-west-2.amazonaws.com/thecat/rumble",
      "type": "string"
    },
    "instance_dns": {
      "value": "ec2-52-11-228-142.us-west-2.compute.amazonaws.com",
      "type": "string"
    },
    "rumble_bucket": {
      "value": "www.rumbletoon.com",
      "type": "string"
    }
  },
  "resources": [
    {
      "mode": "data",
      "type": "archive_file",
      "name": "lambda-aggregate-zip",
      "provider": "provider.archive",
      "instances": [
        {
          "schema_version": 0,
          "attributes": {
            "excludes": null,
            "id": "57a1855c63eaf5b1e61074fc9bf60b31ac20b06b",
            "output_base64sha256": "UL/Dvhx/P8VqvPaNtor5hP6bH7ssYVgcMox2LYFIENY=",
            "output_md5": "690fad0b152378612c40114664de6a35",
            "output_path": "../lambda/aggregate.zip",
            "output_sha": "57a1855c63eaf5b1e61074fc9bf60b31ac20b06b",
            "output_size": 2044,
            "source": [],
            "source_content": null,
            "source_content_filename": null,
            "source_dir": "../lambda/aggregate",
            "source_file": null,
            "type": "zip"
          }
        }
      ]
    },
    {
      "mode": "data",
      "type": "archive_file",
      "name": "lambda-auth-zip",
      "provider": "provider.archive",
      "instances": [
        {
          "schema_version": 0,
          "attributes": {
            "excludes": null,
            "id": "6908cf42b69a935698b3e31699c0f474040d8ee4",
            "output_base64sha256": "RxRFRdVZJppXXyeWlOdsDqRSDhsLSf+kqvOx0n0FnNk=",
            "output_md5": "f72aabb0e144f31fd3b6ef56a7b4e457",
            "output_path": "../lambda/auth.zip",
            "output_sha": "6908cf42b69a935698b3e31699c0f474040d8ee4",
            "output_size": 1068,
            "source": [],
            "source_content": null,
            "source_content_filename": null,
            "source_dir": "../lambda/auth",
            "source_file": null,
            "type": "zip"
          }
        }
      ]
    },
    {
      "mode": "data",
      "type": "archive_file",
      "name": "lambda-grader-zip",
      "provider": "provider.archive",
      "instances": [
        {
          "schema_version": 0,
          "attributes": {
            "excludes": null,
            "id": "e33af03d4f5762e5622f9f0f53adb5319643bf02",
            "output_base64sha256": "gpf2k+q+hGmxoQ7/wfIvZwAvT4Z2l52ztJOwv0wICLE=",
            "output_md5": "af09519babb3f3e1097379239331e546",
            "output_path": "../lambda/grader.zip",
            "output_sha": "e33af03d4f5762e5622f9f0f53adb5319643bf02",
            "output_size": 4571544,
            "source": [],
            "source_content": null,
            "source_content_filename": null,
            "source_dir": "../lambda/grader",
            "source_file": null,
            "type": "zip"
          }
        }
      ]
    },
    {
      "mode": "data",
      "type": "archive_file",
      "name": "lambda-rumble-zip",
      "provider": "provider.archive",
      "instances": [
        {
          "schema_version": 0,
          "attributes": {
            "excludes": null,
            "id": "3288aecc22ac86fce024e168cece53e6645ab625",
            "output_base64sha256": "Zlay8cQIc4ilvw0IfKPaTwNXsdNDJ9+Q3AmMh22TwKw=",
            "output_md5": "5b15cdcd19dbbde71105671bf61bdb34",
            "output_path": "../lambda/rumble.zip",
            "output_sha": "3288aecc22ac86fce024e168cece53e6645ab625",
            "output_size": 69050,
            "source": [],
            "source_content": null,
            "source_content_filename": null,
            "source_dir": "../lambda/rumble",
            "source_file": null,
            "type": "zip"
          }
        }
      ]
    },
    {
      "mode": "data",
      "type": "archive_file",
      "name": "lambda-validate-zip",
      "provider": "provider.archive",
      "instances": [
        {
          "schema_version": 0,
          "attributes": {
            "excludes": null,
            "id": "40b1df1f76dcff8b961d8940d278bf00b2e9fcef",
            "output_base64sha256": "tYMzwoUtOu44I1FI33GnVdBz6dJFA5m66Ku9hDqqYYQ=",
            "output_md5": "ac2c5c3bbe8ec18f9c1e92ad529884b5",
            "output_path": "../lambda/validate.zip",
            "output_sha": "40b1df1f76dcff8b961d8940d278bf00b2e9fcef",
            "output_size": 1919,
            "source": [],
            "source_content": null,
            "source_content_filename": null,
            "source_dir": "../lambda/validate",
            "source_file": null,
            "type": "zip"
          }
        }
      ]
    },
    {
      "mode": "data",
      "type": "aws_ami",
      "name": "ubuntu",
      "provider": "provider.aws",
      "instances": [
        {
          "schema_version": 0,
          "attributes": {
            "architecture": "x86_64",
            "arn": "arn:aws:ec2:us-west-2::image/ami-0e2e3e63c545211e2",
            "block_device_mappings": [
              {
                "device_name": "/dev/sda1",
                "ebs": {
                  "delete_on_termination": "true",
                  "encrypted": "false",
                  "iops": "0",
                  "snapshot_id": "snap-07ab93139909c1f61",
                  "volume_size": "8",
                  "volume_type": "gp2"
                },
                "no_device": "",
                "virtual_name": ""
              },
              {
                "device_name": "/dev/sdb",
                "ebs": {},
                "no_device": "",
                "virtual_name": "ephemeral0"
              },
              {
                "device_name": "/dev/sdc",
                "ebs": {},
                "no_device": "",
                "virtual_name": "ephemeral1"
              }
            ],
            "creation_date": "2020-01-20T17:49:09.000Z",
            "description": "Canonical, Ubuntu, 19.04, amd64 disco image build on 2020-01-15",
            "executable_users": null,
            "filter": [
              {
                "name": "name",
                "values": [
                  "ubuntu/images/hvm-ssd/ubuntu-disco-19.04-amd64-server-*"
                ]
              },
              {
                "name": "virtualization-type",
                "values": [
                  "hvm"
                ]
              }
            ],
            "hypervisor": "xen",
            "id": "ami-0e2e3e63c545211e2",
            "image_id": "ami-0e2e3e63c545211e2",
            "image_location": "099720109477/ubuntu/images/hvm-ssd/ubuntu-disco-19.04-amd64-server-20200115",
            "image_owner_alias": null,
            "image_type": "machine",
            "kernel_id": null,
            "most_recent": true,
            "name": "ubuntu/images/hvm-ssd/ubuntu-disco-19.04-amd64-server-20200115",
            "name_regex": null,
            "owner_id": "099720109477",
            "owners": [
              "099720109477"
            ],
            "platform": null,
            "product_codes": [],
            "public": true,
            "ramdisk_id": null,
            "root_device_name": "/dev/sda1",
            "root_device_type": "ebs",
            "root_snapshot_id": "snap-07ab93139909c1f61",
            "sriov_net_support": "simple",
            "state": "available",
            "state_reason": {
              "code": "UNSET",
              "message": "UNSET"
            },
            "tags": {},
            "virtualization_type": "hvm"
          }
        }
      ]
    },
    {
      "mode": "data",
      "type": "aws_subnet_ids",
      "name": "all",
      "provider": "provider.aws",
      "instances": [
        {
          "schema_version": 0,
          "attributes": {
            "filter": null,
            "id": "vpc-e67ed49e",
            "ids": [
              "subnet-1223246b",
              "subnet-4a88a901",
              "subnet-abeb6280",
              "subnet-ed998fb7"
            ],
            "tags": null,
            "vpc_id": "vpc-e67ed49e"
          }
        }
      ]
    },
    {
      "mode": "data",
      "type": "aws_vpc",
      "name": "default",
      "provider": "provider.aws",
      "instances": [
        {
          "schema_version": 0,
          "attributes": {
            "arn": "arn:aws:ec2:us-west-2:402072331520:vpc/vpc-e67ed49e",
            "cidr_block": "172.31.0.0/16",
            "cidr_block_associations": [
              {
                "association_id": "vpc-cidr-assoc-4ad29320",
                "cidr_block": "172.31.0.0/16",
                "state": "associated"
              }
            ],
            "default": true,
            "dhcp_options_id": "dopt-f5288b8d",
            "enable_dns_hostnames": true,
            "enable_dns_support": true,
            "filter": null,
            "id": "vpc-e67ed49e",
            "instance_tenancy": "default",
            "ipv6_association_id": null,
            "ipv6_cidr_block": null,
            "main_route_table_id": "rtb-b49c0bcf",
            "owner_id": "402072331520",
            "state": "available",
            "tags": {}
          }
        }
      ]
    },
    {
      "mode": "managed",
      "type": "aws_acm_certificate",
      "name": "certificate",
      "provider": "provider.aws.east",
      "instances": [
        {
          "schema_version": 0,
          "attributes": {
            "arn": "arn:aws:acm:us-east-1:402072331520:certificate/662278b1-b40c-49ba-9c37-859e31b379cf",
            "certificate_authority_arn": "",
            "certificate_body": null,
            "certificate_chain": null,
            "domain_name": "*.rumbletoon.com",
            "domain_validation_options": [],
            "id": "arn:aws:acm:us-east-1:402072331520:certificate/662278b1-b40c-49ba-9c37-859e31b379cf",
            "options": [
              {
                "certificate_transparency_logging_preference": "ENABLED"
              }
            ],
            "private_key": null,
            "status": "ISSUED",
            "subject_alternative_names": [
              "rumbletoon.com"
            ],
            "tags": {},
            "validation_emails": [],
            "validation_method": "EMAIL"
          }
        }
      ]
    },
    {
      "mode": "managed",
      "type": "aws_batch_compute_environment",
      "name": "compute",
      "provider": "provider.aws",
      "instances": [
        {
          "schema_version": 0,
          "attributes": {
            "arn": "arn:aws:batch:us-west-2:402072331520:compute-environment/rumble-spot",
            "compute_environment_name": "rumble-spot",
            "compute_environment_name_prefix": null,
            "compute_resources": [
              {
                "allocation_strategy": "",
                "bid_percentage": 100,
                "desired_vcpus": 0,
                "ec2_key_pair": "",
                "image_id": "",
                "instance_role": "arn:aws:iam::402072331520:instance-profile/ecs-instance-role",
                "instance_type": [
                  "optimal"
                ],
                "launch_template": [],
                "max_vcpus": 48,
                "min_vcpus": 0,
                "security_group_ids": [
                  "sg-08a7982d1b6aae21d"
                ],
                "spot_iam_fleet_role": "arn:aws:iam::402072331520:role/batch-spot-fleet-role",
                "subnets": [
                  "subnet-1223246b",
                  "subnet-4a88a901",
                  "subnet-abeb6280",
                  "subnet-ed998fb7"
                ],
                "tags": {},
                "type": "SPOT"
              }
            ],
            "ecc_cluster_arn": null,
            "ecs_cluster_arn": "arn:aws:ecs:us-west-2:402072331520:cluster/rumble-spot_Batch_b832a8d2-480a-3f16-83f4-9d6c07013d9f",
            "id": "rumble-spot",
            "service_role": "arn:aws:iam::402072331520:role/aws-batch-service-role",
            "state": "ENABLED",
            "status": "VALID",
            "status_reason": "ComputeEnvironment Healthy",
            "type": "MANAGED"
          },
          "private": "bnVsbA==",
          "dependencies": [
            "aws_iam_instance_profile.ecs-instance-role",
            "aws_iam_role.aws-batch-service-role",
            "aws_iam_role.spot-fleet-role",
            "aws_iam_role_policy_attachment.aws-batch-service-role",
            "aws_security_group.rumble-batch"
          ]
        }
      ]
    },
    {
      "mode": "managed",
      "type": "aws_batch_compute_environment",
      "name": "compute-coin",
      "provider": "provider.aws",
      "instances": [
        {
          "schema_version": 0,
          "attributes": {
            "arn": "arn:aws:batch:us-west-2:402072331520:compute-environment/rumble-spot-coin",
            "compute_environment_name": "rumble-spot-coin",
            "compute_environment_name_prefix": null,
            "compute_resources": [
              {
                "allocation_strategy": "",
                "bid_percentage": 100,
                "desired_vcpus": 0,
                "ec2_key_pair": "",
                "image_id": "",
                "instance_role": "arn:aws:iam::402072331520:instance-profile/ecs-instance-role",
                "instance_type": [
                  "z1d"
                ],
                "launch_template": [],
                "max_vcpus": 4,
                "min_vcpus": 0,
                "security_group_ids": [
                  "sg-08a7982d1b6aae21d"
                ],
                "spot_iam_fleet_role": "arn:aws:iam::402072331520:role/batch-spot-fleet-role",
                "subnets": [
                  "subnet-1223246b",
                  "subnet-4a88a901",
                  "subnet-abeb6280",
                  "subnet-ed998fb7"
                ],
                "tags": {},
                "type": "SPOT"
              }
            ],
            "ecc_cluster_arn": null,
            "ecs_cluster_arn": "arn:aws:ecs:us-west-2:402072331520:cluster/rumble-spot-coin_Batch_8cd5817c-be96-347b-8cf4-416bd858a7f6",
            "id": "rumble-spot-coin",
            "service_role": "arn:aws:iam::402072331520:role/aws-batch-service-role",
            "state": "ENABLED",
            "status": "VALID",
            "status_reason": "ComputeEnvironment Healthy",
            "type": "MANAGED"
          },
          "private": "bnVsbA==",
          "dependencies": [
            "aws_iam_instance_profile.ecs-instance-role",
            "aws_iam_role.aws-batch-service-role",
            "aws_iam_role.spot-fleet-role",
            "aws_iam_role_policy_attachment.aws-batch-service-role",
            "aws_security_group.rumble-batch"
          ]
        }
      ]
    },
    {
      "mode": "managed",
      "type": "aws_batch_compute_environment",
      "name": "compute-z",
      "provider": "provider.aws",
      "instances": [
        {
          "schema_version": 0,
          "attributes": {
            "arn": "arn:aws:batch:us-west-2:402072331520:compute-environment/rumble-spot-z",
            "compute_environment_name": "rumble-spot-z",
            "compute_environment_name_prefix": null,
            "compute_resources": [
              {
                "allocation_strategy": "",
                "bid_percentage": 100,
                "desired_vcpus": 0,
                "ec2_key_pair": "",
                "image_id": "",
                "instance_role": "arn:aws:iam::402072331520:instance-profile/ecs-instance-role",
                "instance_type": [
                  "z1d"
                ],
                "launch_template": [],
                "max_vcpus": 16,
                "min_vcpus": 0,
                "security_group_ids": [
                  "sg-08a7982d1b6aae21d"
                ],
                "spot_iam_fleet_role": "arn:aws:iam::402072331520:role/batch-spot-fleet-role",
                "subnets": [
                  "subnet-1223246b",
                  "subnet-4a88a901",
                  "subnet-abeb6280",
                  "subnet-ed998fb7"
                ],
                "tags": {},
                "type": "SPOT"
              }
            ],
            "ecc_cluster_arn": null,
            "ecs_cluster_arn": "arn:aws:ecs:us-west-2:402072331520:cluster/rumble-spot-z_Batch_e6ace840-accc-3536-b29c-09feef59acbf",
            "id": "rumble-spot-z",
            "service_role": "arn:aws:iam::402072331520:role/aws-batch-service-role",
            "state": "ENABLED",
            "status": "VALID",
            "status_reason": "ComputeEnvironment Healthy",
            "type": "MANAGED"
          },
          "private": "bnVsbA==",
          "dependencies": [
            "aws_iam_instance_profile.ecs-instance-role",
            "aws_iam_role.aws-batch-service-role",
            "aws_iam_role.spot-fleet-role",
            "aws_iam_role_policy_attachment.aws-batch-service-role",
            "aws_security_group.rumble-batch"
          ]
        }
      ]
    },
    {
      "mode": "managed",
      "type": "aws_batch_job_definition",
      "name": "rumble-job-latest",
      "provider": "provider.aws",
      "instances": [
        {
          "schema_version": 0,
          "attributes": {
            "arn": "arn:aws:batch:us-west-2:402072331520:job-definition/rumble-job-latest:24",
            "container_properties": "{\"command\":[\"Ref::entrants\",\"Ref::inputFile\"],\"environment\":[{\"name\":\"AWS_REGION\",\"value\":\"us-west-2\"},{\"name\":\"S3_LOGS_BUCKET\",\"value\":\"{aws_s3_bucket.logs-bucket.id}\"},{\"name\":\"DYNAMO_TABLE\",\"value\":\"RumbleJob\"}],\"image\":\"402072331520.dkr.ecr.us-west-2.amazonaws.com/thecat/rumble:latest\",\"jobRoleArn\":\"arn:aws:iam::402072331520:role/aws-batch-rumble-task-role\",\"memory\":2000,\"mountPoints\":[],\"resourceRequirements\":[],\"ulimits\":[],\"vcpus\":1,\"volumes\":[]}",
            "id": "arn:aws:batch:us-west-2:402072331520:job-definition/rumble-job-latest:24",
            "name": "rumble-job-latest",
            "parameters": {
              "entrants": "eyex.Eyes.example",
              "inputFile": "https://www.rumbletoon.com/problems/smoke/circle.json"
            },
            "retry_strategy": [
              {
                "attempts": 3
              }
            ],
            "revision": 24,
            "timeout": [
              {
                "attempt_duration_seconds": 600
              }
            ],
            "type": "container"
          },
          "private": "bnVsbA==",
          "dependencies": [
            "aws_dynamodb_table.rumble-job-table",
            "aws_ecr_repository.rumble-job-repo",
            "aws_iam_role.task-role",
            "aws_s3_bucket.logs-bucket"
          ]
        }
      ]
    },
    {
      "mode": "managed",
      "type": "aws_batch_job_queue",
      "name": "rumble-queue-coin",
      "provider": "provider.aws",
      "instances": [
        {
          "schema_version": 0,
          "attributes": {
            "arn": "arn:aws:batch:us-west-2:402072331520:job-queue/rumble-queue-200",
            "compute_environments": [
              "arn:aws:batch:us-west-2:402072331520:compute-environment/rumble-spot-coin",
              "arn:aws:batch:us-west-2:402072331520:compute-environment/rumble-spot-z",
              "arn:aws:batch:us-west-2:402072331520:compute-environment/rumble-spot"
            ],
            "id": "arn:aws:batch:us-west-2:402072331520:job-queue/rumble-queue-200",
            "name": "rumble-queue-200",
            "priority": 200,
            "state": "ENABLED"
          },
          "private": "bnVsbA==",
          "dependencies": [
            "aws_batch_compute_environment.compute",
            "aws_batch_compute_environment.compute-coin",
            "aws_batch_compute_environment.compute-z",
            "aws_iam_instance_profile.ecs-instance-role",
            "aws_iam_role.aws-batch-service-role",
            "aws_iam_role.spot-fleet-role",
            "aws_iam_role_policy_attachment.aws-batch-service-role",
            "aws_security_group.rumble-batch"
          ]
        }
      ]
    },
    {
      "mode": "managed",
      "type": "aws_batch_job_queue",
      "name": "rumble-queue-default",
      "provider": "provider.aws",
      "instances": [
        {
          "schema_version": 0,
          "attributes": {
            "arn": "arn:aws:batch:us-west-2:402072331520:job-queue/rumble-queue-1",
            "compute_environments": [
              "arn:aws:batch:us-west-2:402072331520:compute-environment/rumble-spot-z",
              "arn:aws:batch:us-west-2:402072331520:compute-environment/rumble-spot"
            ],
            "id": "arn:aws:batch:us-west-2:402072331520:job-queue/rumble-queue-1",
            "name": "rumble-queue-1",
            "priority": 1,
            "state": "ENABLED"
          },
          "private": "bnVsbA==",
          "dependencies": [
            "aws_batch_compute_environment.compute",
            "aws_batch_compute_environment.compute-z",
            "aws_iam_instance_profile.ecs-instance-role",
            "aws_iam_role.aws-batch-service-role",
            "aws_iam_role.spot-fleet-role",
            "aws_iam_role_policy_attachment.aws-batch-service-role",
            "aws_security_group.rumble-batch"
          ]
        }
      ]
    },
    {
      "mode": "managed",
      "type": "aws_batch_job_queue",
      "name": "rumble-queue-smoke",
      "provider": "provider.aws",
      "instances": [
        {
          "schema_version": 0,
          "attributes": {
            "arn": "arn:aws:batch:us-west-2:402072331520:job-queue/rumble-queue-2",
            "compute_environments": [
              "arn:aws:batch:us-west-2:402072331520:compute-environment/rumble-spot-z",
              "arn:aws:batch:us-west-2:402072331520:compute-environment/rumble-spot"
            ],
            "id": "arn:aws:batch:us-west-2:402072331520:job-queue/rumble-queue-2",
            "name": "rumble-queue-2",
            "priority": 2,
            "state": "ENABLED"
          },
          "private": "bnVsbA==",
          "dependencies": [
            "aws_batch_compute_environment.compute",
            "aws_batch_compute_environment.compute-z",
            "aws_iam_instance_profile.ecs-instance-role",
            "aws_iam_role.aws-batch-service-role",
            "aws_iam_role.spot-fleet-role",
            "aws_iam_role_policy_attachment.aws-batch-service-role",
            "aws_security_group.rumble-batch"
          ]
        }
      ]
    },
    {
      "mode": "managed",
      "type": "aws_cloudfront_distribution",
      "name": "logs_distribution",
      "provider": "provider.aws",
      "instances": [
        {
          "schema_version": 1,
          "attributes": {
            "active_trusted_signers": {
              "enabled": "false",
              "items.#": "0"
            },
            "aliases": [
              "logs.rumbletoon.com"
            ],
            "arn": "arn:aws:cloudfront::402072331520:distribution/E2FVZGKM6WL3GA",
            "cache_behavior": [],
            "caller_reference": "2019-06-17T22:58:07.897106-07:00",
            "comment": null,
            "custom_error_response": [],
            "default_cache_behavior": [
              {
                "allowed_methods": [
                  "GET",
                  "HEAD",
                  "OPTIONS"
                ],
                "cached_methods": [
                  "GET",
                  "HEAD",
                  "OPTIONS"
                ],
                "compress": true,
                "default_ttl": 30,
                "field_level_encryption_id": "",
                "forwarded_values": [
                  {
                    "cookies": [
                      {
                        "forward": "none",
                        "whitelisted_names": []
                      }
                    ],
                    "headers": [
                      "Origin"
                    ],
                    "query_string": false,
                    "query_string_cache_keys": []
                  }
                ],
                "lambda_function_association": [],
                "max_ttl": 30,
                "min_ttl": 0,
                "smooth_streaming": false,
                "target_origin_id": "logs.rumbletoon.com",
                "trusted_signers": [],
                "viewer_protocol_policy": "redirect-to-https"
              }
            ],
            "default_root_object": "index.html",
            "domain_name": "d374772bqvufn9.cloudfront.net",
            "enabled": true,
            "etag": "E2C1JT3K2BZT2N",
            "hosted_zone_id": "Z2FDTNDATAQYW2",
            "http_version": "http2",
            "id": "E2FVZGKM6WL3GA",
            "in_progress_validation_batches": 0,
            "is_ipv6_enabled": false,
            "last_modified_time": "2019-06-22 06:13:57.229 +0000 UTC",
            "logging_config": [],
            "ordered_cache_behavior": [],
            "origin": [
              {
                "custom_header": [],
                "custom_origin_config": [
                  {
                    "http_port": 80,
                    "https_port": 443,
                    "origin_keepalive_timeout": 5,
                    "origin_protocol_policy": "http-only",
                    "origin_read_timeout": 30,
                    "origin_ssl_protocols": [
                      "TLSv1",
                      "TLSv1.1",
                      "TLSv1.2"
                    ]
                  }
                ],
                "domain_name": "logs.rumbletoon.com.s3-website-us-west-2.amazonaws.com",
                "origin_id": "logs.rumbletoon.com",
                "origin_path": "",
                "s3_origin_config": []
              }
            ],
            "origin_group": [],
            "price_class": "PriceClass_All",
            "restrictions": [
              {
                "geo_restriction": [
                  {
                    "locations": [],
                    "restriction_type": "none"
                  }
                ]
              }
            ],
            "retain_on_delete": false,
            "status": "Deployed",
            "tags": {},
            "viewer_certificate": [
              {
                "acm_certificate_arn": "arn:aws:acm:us-east-1:402072331520:certificate/662278b1-b40c-49ba-9c37-859e31b379cf",
                "cloudfront_default_certificate": false,
                "iam_certificate_id": "",
                "minimum_protocol_version": "TLSv1",
                "ssl_support_method": "sni-only"
              }
            ],
            "wait_for_deployment": true,
            "web_acl_id": ""
          },
          "dependencies": [
            "aws_acm_certificate.certificate",
            "aws_s3_bucket.logs-bucket"
          ]
        }
      ]
    },
    {
      "mode": "managed",
      "type": "aws_cloudfront_distribution",
      "name": "www_distribution",
      "provider": "provider.aws",
      "instances": [
        {
          "schema_version": 1,
          "attributes": {
            "active_trusted_signers": {
              "enabled": "false",
              "items.#": "0"
            },
            "aliases": [
              "www.rumbletoon.com"
            ],
            "arn": "arn:aws:cloudfront::402072331520:distribution/E3H4QE66S439JB",
            "cache_behavior": [],
            "caller_reference": "2019-06-15T08:36:32.27074-07:00",
            "comment": null,
            "custom_error_response": [],
            "default_cache_behavior": [
              {
                "allowed_methods": [
                  "GET",
                  "HEAD"
                ],
                "cached_methods": [
                  "GET",
                  "HEAD"
                ],
                "compress": true,
                "default_ttl": 30,
                "field_level_encryption_id": "",
                "forwarded_values": [
                  {
                    "cookies": [
                      {
                        "forward": "none",
                        "whitelisted_names": []
                      }
                    ],
                    "headers": [],
                    "query_string": false,
                    "query_string_cache_keys": []
                  }
                ],
                "lambda_function_association": [
                  {
                    "event_type": "viewer-request",
                    "include_body": false,
                    "lambda_arn": "arn:aws:lambda:us-east-1:402072331520:function:auth:6"
                  }
                ],
                "max_ttl": 30,
                "min_ttl": 0,
                "smooth_streaming": false,
                "target_origin_id": "www.rumbletoon.com",
                "trusted_signers": [],
                "viewer_protocol_policy": "redirect-to-https"
              }
            ],
            "default_root_object": "index.html",
            "domain_name": "d2leyjwd489dpu.cloudfront.net",
            "enabled": true,
            "etag": "E3C2VFU25ICIK9",
            "hosted_zone_id": "Z2FDTNDATAQYW2",
            "http_version": "http2",
            "id": "E3H4QE66S439JB",
            "in_progress_validation_batches": 0,
            "is_ipv6_enabled": false,
            "last_modified_time": "2020-07-14 06:32:57.508 +0000 UTC",
            "logging_config": [],
            "ordered_cache_behavior": [],
            "origin": [
              {
                "custom_header": [],
                "custom_origin_config": [
                  {
                    "http_port": 80,
                    "https_port": 443,
                    "origin_keepalive_timeout": 5,
                    "origin_protocol_policy": "http-only",
                    "origin_read_timeout": 30,
                    "origin_ssl_protocols": [
                      "TLSv1",
                      "TLSv1.1",
                      "TLSv1.2"
                    ]
                  }
                ],
                "domain_name": "www.rumbletoon.com.s3-website-us-west-2.amazonaws.com",
                "origin_id": "www.rumbletoon.com",
                "origin_path": "",
                "s3_origin_config": []
              }
            ],
            "origin_group": [],
            "price_class": "PriceClass_All",
            "restrictions": [
              {
                "geo_restriction": [
                  {
                    "locations": [],
                    "restriction_type": "none"
                  }
                ]
              }
            ],
            "retain_on_delete": false,
            "status": "Deployed",
            "tags": {},
            "viewer_certificate": [
              {
                "acm_certificate_arn": "arn:aws:acm:us-east-1:402072331520:certificate/662278b1-b40c-49ba-9c37-859e31b379cf",
                "cloudfront_default_certificate": false,
                "iam_certificate_id": "",
                "minimum_protocol_version": "TLSv1",
                "ssl_support_method": "sni-only"
              }
            ],
            "wait_for_deployment": true,
            "web_acl_id": ""
          },
          "private": "eyJzY2hlbWFfdmVyc2lvbiI6IjEifQ==",
          "dependencies": [
            "aws_acm_certificate.certificate",
            "aws_iam_role.lambda-edge-role",
            "aws_iam_role_policy_attachment.lambda-policy",
            "aws_lambda_function.auth-function",
            "aws_s3_bucket.rumble-bucket"
          ]
        }
      ]
    },
    {
      "mode": "managed",
      "type": "aws_cloudwatch_event_rule",
      "name": "every-minute",
      "provider": "provider.aws",
      "instances": [
        {
          "schema_version": 0,
          "attributes": {
            "arn": "arn:aws:events:us-west-2:402072331520:rule/every-minute",
            "description": "Fires every minute",
            "event_pattern": null,
            "id": "every-minute",
            "is_enabled": true,
            "name": "every-minute",
            "name_prefix": null,
            "role_arn": "",
            "schedule_expression": "rate(1 minute)",
            "tags": {}
          },
          "private": "bnVsbA=="
        }
      ]
    },
    {
      "mode": "managed",
      "type": "aws_cloudwatch_event_target",
      "name": "coin-every-minute",
      "provider": "provider.aws",
      "instances": [
        {
          "schema_version": 0,
          "attributes": {
            "arn": "arn:aws:lambda:us-west-2:402072331520:function:rumble",
            "batch_target": [],
            "ecs_target": [],
            "id": "every-minute-rumble",
            "input": "{\"action\":\"coin\"}",
            "input_path": "",
            "input_transformer": [],
            "kinesis_target": [],
            "role_arn": "",
            "rule": "every-minute",
            "run_command_targets": [],
            "sqs_target": [],
            "target_id": "rumble"
          },
          "dependencies": [
            "aws_cloudwatch_event_rule.every-minute",
            "aws_dynamodb_table.rumble-job-table",
            "aws_ecr_repository.rumble-job-repo",
            "aws_iam_policy.lambda-policy",
            "aws_iam_role.lambda-role",
            "aws_iam_role.task-role",
            "aws_iam_role_policy_attachment.lambda-policy",
            "aws_lambda_function.rumble-function",
            "aws_s3_bucket.rumble-bucket"
          ]
        }
      ]
    },
    {
      "mode": "managed",
      "type": "aws_dynamodb_table",
      "name": "rumble-job-table",
      "provider": "provider.aws",
      "instances": [
        {
          "schema_version": 1,
          "attributes": {
            "arn": "arn:aws:dynamodb:us-west-2:402072331520:table/RumbleJob",
            "attribute": [
              {
                "name": "entrant",
                "type": "S"
              },
              {
                "name": "group",
                "type": "S"
              },
              {
                "name": "hash",
                "type": "S"
              },
              {
                "name": "id",
                "type": "S"
              },
              {
                "name": "problem",
                "type": "S"
              },
              {
                "name": "runtime",
                "type": "N"
              },
              {
                "name": "score",
                "type": "N"
              }
            ],
            "billing_mode": "PAY_PER_REQUEST",
            "global_secondary_index": [
              {
                "hash_key": "entrant",
                "name": "RumbleJobEntrant",
                "non_key_attributes": [],
                "projection_type": "ALL",
                "range_key": "runtime",
                "read_capacity": 0,
                "write_capacity": 0
              },
              {
                "hash_key": "entrant",
                "name": "RumbleJobEntrantGroup",
                "non_key_attributes": [],
                "projection_type": "ALL",
                "range_key": "group",
                "read_capacity": 0,
                "write_capacity": 0
              },
              {
                "hash_key": "group",
                "name": "RumbleJobGroup",
                "non_key_attributes": [],
                "projection_type": "ALL",
                "range_key": "runtime",
                "read_capacity": 0,
                "write_capacity": 0
              },
              {
                "hash_key": "id",
                "name": "RumbleJobId",
                "non_key_attributes": [],
                "projection_type": "ALL",
                "range_key": "",
                "read_capacity": 0,
                "write_capacity": 0
              },
              {
                "hash_key": "problem",
                "name": "RumbleJobProblem",
                "non_key_attributes": [],
                "projection_type": "ALL",
                "range_key": "score",
                "read_capacity": 0,
                "write_capacity": 0
              }
            ],
            "hash_key": "hash",
            "id": "RumbleJob",
            "local_secondary_index": [],
            "name": "RumbleJob",
            "point_in_time_recovery": [
              {
                "enabled": false
              }
            ],
            "range_key": "runtime",
            "read_capacity": 0,
            "replica": [],
            "server_side_encryption": [],
            "stream_arn": "arn:aws:dynamodb:us-west-2:402072331520:table/RumbleJob/stream/2020-07-13T04:46:26.975",
            "stream_enabled": true,
            "stream_label": "2020-07-13T04:46:26.975",
            "stream_view_type": "NEW_IMAGE",
            "tags": {},
            "timeouts": null,
            "ttl": [
              {
                "attribute_name": "",
                "enabled": false
              }
            ],
            "write_capacity": 0
          },
          "private": "eyJlMmJmYjczMC1lY2FhLTExZTYtOGY4OC0zNDM2M2JjN2M0YzAiOnsiY3JlYXRlIjo2MDAwMDAwMDAwMDAsImRlbGV0ZSI6NjAwMDAwMDAwMDAwLCJ1cGRhdGUiOjM2MDAwMDAwMDAwMDB9LCJzY2hlbWFfdmVyc2lvbiI6IjEifQ=="
        }
      ]
    },
    {
      "mode": "managed",
      "type": "aws_dynamodb_table",
      "name": "rumble-leaderboard-table",
      "provider": "provider.aws",
      "instances": [
        {
          "schema_version": 1,
          "attributes": {
            "arn": "arn:aws:dynamodb:us-west-2:402072331520:table/RumbleLeaderboard",
            "attribute": [
              {
                "name": "place",
                "type": "N"
              },
              {
                "name": "problem",
                "type": "S"
              }
            ],
            "billing_mode": "PAY_PER_REQUEST",
            "global_secondary_index": [],
            "hash_key": "problem",
            "id": "RumbleLeaderboard",
            "local_secondary_index": [],
            "name": "RumbleLeaderboard",
            "point_in_time_recovery": [
              {
                "enabled": false
              }
            ],
            "range_key": "place",
            "read_capacity": 0,
            "replica": [],
            "server_side_encryption": [],
            "stream_arn": "",
            "stream_enabled": false,
            "stream_label": "",
            "stream_view_type": "",
            "tags": {},
            "timeouts": null,
            "ttl": [
              {
                "attribute_name": "",
                "enabled": false
              }
            ],
            "write_capacity": 0
          },
          "private": "eyJlMmJmYjczMC1lY2FhLTExZTYtOGY4OC0zNDM2M2JjN2M0YzAiOnsiY3JlYXRlIjo2MDAwMDAwMDAwMDAsImRlbGV0ZSI6NjAwMDAwMDAwMDAwLCJ1cGRhdGUiOjM2MDAwMDAwMDAwMDB9LCJzY2hlbWFfdmVyc2lvbiI6IjEifQ=="
        }
      ]
    },
    {
      "mode": "managed",
      "type": "aws_ecr_repository",
      "name": "rumble-job-repo",
      "provider": "provider.aws",
      "instances": [
        {
          "schema_version": 0,
          "attributes": {
            "arn": "arn:aws:ecr:us-west-2:402072331520:repository/thecat/rumble",
            "id": "thecat/rumble",
            "image_scanning_configuration": [
              {
                "scan_on_push": false
              }
            ],
            "image_tag_mutability": "MUTABLE",
            "name": "thecat/rumble",
            "registry_id": "402072331520",
            "repository_url": "402072331520.dkr.ecr.us-west-2.amazonaws.com/thecat/rumble",
            "tags": {},
            "timeouts": {
              "delete": null
            }
          }
        }
      ]
    },
    {
      "mode": "managed",
      "type": "aws_iam_instance_profile",
      "name": "ecs-instance-role",
      "provider": "provider.aws",
      "instances": [
        {
          "schema_version": 0,
          "attributes": {
            "arn": "arn:aws:iam::402072331520:instance-profile/ecs-instance-role",
            "create_date": "2019-06-11T13:42:22Z",
            "id": "ecs-instance-role",
            "name": "ecs-instance-role",
            "name_prefix": null,
            "path": "/",
            "role": "ecs-instance-role",
            "roles": [
              "ecs-instance-role"
            ],
            "unique_id": "AIPAV3HLA4UAHN67BQJMU"
          },
          "dependencies": [
            "aws_iam_role.ecs-instance-role"
          ]
        }
      ]
    },
    {
      "mode": "managed",
      "type": "aws_iam_policy",
      "name": "lambda-policy",
      "provider": "provider.aws",
      "instances": [
        {
          "schema_version": 0,
          "attributes": {
            "arn": "arn:aws:iam::402072331520:policy/BatchSample/aws-batch-rumble-function-policy",
            "description": "",
            "id": "arn:aws:iam::402072331520:policy/BatchSample/aws-batch-rumble-function-policy",
            "name": "aws-batch-rumble-function-policy",
            "name_prefix": null,
            "path": "/BatchSample/",
            "policy": "{\n  \"Version\": \"2012-10-17\",\n  \"Statement\": [\n    {\n      \"Action\": [\n        \"batch:SubmitJob\",\n        \"batch:Describe*\",\n        \"batch:List*\",\n        \"batch:Register*\",\n        \"batch:Create*\"\n      ],\n      \"Effect\": \"Allow\",\n      \"Resource\": \"*\"\n    },\n    {\n      \"Effect\": \"Allow\",\n      \"Action\": [\n        \"s3:ListBucket\"\n      ],\n      \"Resource\": [\"arn:aws:s3:::www.rumbletoon.com\"]\n    },\n    {\n      \"Effect\": \"Allow\",\n      \"Action\": [\n        \"s3:GetObject\",\n        \"s3:PutObject\"\n      ],\n      \"Resource\": [\"arn:aws:s3:::www.rumbletoon.com/*\"]\n    },\n    {\n      \"Effect\": \"Allow\",\n      \"Action\": [\n          \"iam:GetRole\",\n          \"iam:PassRole\"\n      ],\n      \"Resource\": \"arn:aws:iam::402072331520:role/aws-batch-rumble-task-role\"\n    },\n    {\n      \"Effect\": \"Allow\",\n      \"Action\": [\n          \"lambda:InvokeFunction\"\n      ],\n      \"Resource\": \"*\"\n    },\n    {\n        \"Effect\": \"Allow\",\n        \"Action\": [\n            \"dynamodb:Describe*\",\n            \"dynamodb:Get*\",\n            \"dynamodb:Put*\",\n            \"dynamodb:Query\",\n            \"dynamodb:Update*\"\n        ],\n        \"Resource\": \"arn:aws:dynamodb:*\"\n    }\n  ]\n}\n"
          },
          "dependencies": [
            "aws_iam_role.task-role",
            "aws_s3_bucket.rumble-bucket"
          ]
        }
      ]
    },
    {
      "mode": "managed",
      "type": "aws_iam_policy",
      "name": "task-policy",
      "provider": "provider.aws",
      "instances": [
        {
          "schema_version": 0,
          "attributes": {
            "arn": "arn:aws:iam::402072331520:policy/BatchSample/aws-batch-rumble-task-policy",
            "description": "",
            "id": "arn:aws:iam::402072331520:policy/BatchSample/aws-batch-rumble-task-policy",
            "name": "aws-batch-rumble-task-policy",
            "name_prefix": null,
            "path": "/BatchSample/",
            "policy": "{\n  \"Version\": \"2012-10-17\",\n  \"Statement\": [\n    {\n      \"Action\": [\n        \"dynamodb:DescribeTable\",\n        \"dynamodb:DescribeGlobalTable\",\n        \"dynamodb:PutItem\"\n      ],\n      \"Effect\": \"Allow\",\n      \"Resource\": \"arn:aws:dynamodb:us-west-2:402072331520:table/RumbleJob\"\n    },\n    {\n      \"Action\": [\n        \"s3:Get*\",\n        \"s3:Put*\"\n      ],\n      \"Effect\": \"Allow\",\n      \"Resource\": [\n        \"arn:aws:s3:::www.rumbletoon.com\",\n        \"arn:aws:s3:::www.rumbletoon.com/*\",\n        \"arn:aws:s3:::logs.rumbletoon.com\",\n        \"arn:aws:s3:::logs.rumbletoon.com/*\"\n      ]\n    },\n    {\n      \"Action\": [\n        \"lambda:InvokeFunction\"\n      ],\n      \"Effect\": \"Allow\",\n      \"Resource\": \"*\"\n    }\n  ]\n}\n"
          },
          "dependencies": [
            "aws_dynamodb_table.rumble-job-table",
            "aws_s3_bucket.logs-bucket",
            "aws_s3_bucket.rumble-bucket"
          ]
        }
      ]
    },
    {
      "mode": "managed",
      "type": "aws_iam_role",
      "name": "aws-batch-service-role",
      "provider": "provider.aws",
      "instances": [
        {
          "schema_version": 0,
          "attributes": {
            "arn": "arn:aws:iam::402072331520:role/aws-batch-service-role",
            "assume_role_policy": "{\"Version\":\"2012-10-17\",\"Statement\":[{\"Effect\":\"Allow\",\"Principal\":{\"Service\":\"batch.amazonaws.com\"},\"Action\":\"sts:AssumeRole\"}]}",
            "create_date": "2019-06-11T13:42:21Z",
            "description": "",
            "force_detach_policies": false,
            "id": "aws-batch-service-role",
            "max_session_duration": 3600,
            "name": "aws-batch-service-role",
            "name_prefix": null,
            "path": "/",
            "permissions_boundary": null,
            "tags": {},
            "unique_id": "AROAV3HLA4UAJMB4DVSFP"
          }
        }
      ]
    },
    {
      "mode": "managed",
      "type": "aws_iam_role",
      "name": "ecs-instance-role",
      "provider": "provider.aws",
      "instances": [
        {
          "schema_version": 0,
          "attributes": {
            "arn": "arn:aws:iam::402072331520:role/ecs-instance-role",
            "assume_role_policy": "{\"Version\":\"2012-10-17\",\"Statement\":[{\"Effect\":\"Allow\",\"Principal\":{\"Service\":\"ec2.amazonaws.com\"},\"Action\":\"sts:AssumeRole\"}]}",
            "create_date": "2019-06-11T13:42:21Z",
            "description": "",
            "force_detach_policies": false,
            "id": "ecs-instance-role",
            "max_session_duration": 3600,
            "name": "ecs-instance-role",
            "name_prefix": null,
            "path": "/",
            "permissions_boundary": null,
            "tags": {},
            "unique_id": "AROAV3HLA4UAJZCY3BLLN"
          }
        }
      ]
    },
    {
      "mode": "managed",
      "type": "aws_iam_role",
      "name": "lambda-edge-role",
      "provider": "provider.aws",
      "instances": [
        {
          "schema_version": 0,
          "attributes": {
            "arn": "arn:aws:iam::402072331520:role/lambda-edge-role",
            "assume_role_policy": "{\"Version\":\"2012-10-17\",\"Statement\":[{\"Sid\":\"\",\"Effect\":\"Allow\",\"Principal\":{\"Service\":[\"lambda.amazonaws.com\",\"edgelambda.amazonaws.com\"]},\"Action\":\"sts:AssumeRole\"}]}",
            "create_date": "2019-06-15T18:36:13Z",
            "description": "",
            "force_detach_policies": false,
            "id": "lambda-edge-role",
            "max_session_duration": 3600,
            "name": "lambda-edge-role",
            "name_prefix": null,
            "path": "/",
            "permissions_boundary": null,
            "tags": {},
            "unique_id": "AROAV3HLA4UAIZD52QOVA"
          }
        }
      ]
    },
    {
      "mode": "managed",
      "type": "aws_iam_role",
      "name": "lambda-role",
      "provider": "provider.aws",
      "instances": [
        {
          "schema_version": 0,
          "attributes": {
            "arn": "arn:aws:iam::402072331520:role/BatchSample/aws-batch-rumble-function-role",
            "assume_role_policy": "{\"Version\":\"2012-10-17\",\"Statement\":[{\"Effect\":\"Allow\",\"Principal\":{\"Service\":\"lambda.amazonaws.com\"},\"Action\":\"sts:AssumeRole\"}]}",
            "create_date": "2019-06-11T13:42:21Z",
            "description": "",
            "force_detach_policies": false,
            "id": "aws-batch-rumble-function-role",
            "max_session_duration": 3600,
            "name": "aws-batch-rumble-function-role",
            "name_prefix": null,
            "path": "/BatchSample/",
            "permissions_boundary": null,
            "tags": {},
            "unique_id": "AROAV3HLA4UAGW4LVAGTR"
          }
        }
      ]
    },
    {
      "mode": "managed",
      "type": "aws_iam_role",
      "name": "spot-fleet-role",
      "provider": "provider.aws",
      "instances": [
        {
          "schema_version": 0,
          "attributes": {
            "arn": "arn:aws:iam::402072331520:role/batch-spot-fleet-role",
            "assume_role_policy": "{\"Version\":\"2012-10-17\",\"Statement\":[{\"Effect\":\"Allow\",\"Principal\":{\"Service\":\"spotfleet.amazonaws.com\"},\"Action\":\"sts:AssumeRole\"}]}",
            "create_date": "2019-06-11T13:42:21Z",
            "description": "",
            "force_detach_policies": false,
            "id": "batch-spot-fleet-role",
            "max_session_duration": 3600,
            "name": "batch-spot-fleet-role",
            "name_prefix": null,
            "path": "/",
            "permissions_boundary": null,
            "tags": {},
            "unique_id": "AROAV3HLA4UAGW3UWIIKF"
          }
        }
      ]
    },
    {
      "mode": "managed",
      "type": "aws_iam_role",
      "name": "task-role",
      "provider": "provider.aws",
      "instances": [
        {
          "schema_version": 0,
          "attributes": {
            "arn": "arn:aws:iam::402072331520:role/aws-batch-rumble-task-role",
            "assume_role_policy": "{\"Version\":\"2012-10-17\",\"Statement\":[{\"Effect\":\"Allow\",\"Principal\":{\"Service\":\"ecs-tasks.amazonaws.com\"},\"Action\":\"sts:AssumeRole\"}]}",
            "create_date": "2019-06-11T13:42:21Z",
            "description": "",
            "force_detach_policies": false,
            "id": "aws-batch-rumble-task-role",
            "max_session_duration": 3600,
            "name": "aws-batch-rumble-task-role",
            "name_prefix": null,
            "path": "/",
            "permissions_boundary": null,
            "tags": {},
            "unique_id": "AROAV3HLA4UAE6DJQJVHI"
          }
        }
      ]
    },
    {
      "mode": "managed",
      "type": "aws_iam_role_policy_attachment",
      "name": "aws-batch-service-role",
      "provider": "provider.aws",
      "instances": [
        {
          "schema_version": 0,
          "attributes": {
            "id": "aws-batch-service-role-20190622011416215500000001",
            "policy_arn": "arn:aws:iam::aws:policy/service-role/AWSBatchServiceRole",
            "role": "aws-batch-service-role"
          },
          "dependencies": [
            "aws_iam_role.aws-batch-service-role"
          ]
        }
      ]
    },
    {
      "mode": "managed",
      "type": "aws_iam_role_policy_attachment",
      "name": "ecs-instance-role",
      "provider": "provider.aws",
      "instances": [
        {
          "schema_version": 0,
          "attributes": {
            "id": "ecs-instance-role-20190622011417062700000002",
            "policy_arn": "arn:aws:iam::aws:policy/service-role/AmazonEC2ContainerServiceforEC2Role",
            "role": "ecs-instance-role"
          },
          "dependencies": [
            "aws_iam_role.ecs-instance-role"
          ]
        }
      ]
    },
    {
      "mode": "managed",
      "type": "aws_iam_role_policy_attachment",
      "name": "lambda-policy",
      "provider": "provider.aws",
      "instances": [
        {
          "schema_version": 0,
          "attributes": {
            "id": "aws-batch-rumble-function-role-20190622011915242600000002",
            "policy_arn": "arn:aws:iam::402072331520:policy/BatchSample/aws-batch-rumble-function-policy",
            "role": "aws-batch-rumble-function-role"
          },
          "dependencies": [
            "aws_iam_policy.lambda-policy",
            "aws_iam_role.lambda-role",
            "aws_iam_role.task-role",
            "aws_s3_bucket.rumble-bucket"
          ]
        }
      ]
    },
    {
      "mode": "managed",
      "type": "aws_iam_role_policy_attachment",
      "name": "lambda-service",
      "provider": "provider.aws",
      "instances": [
        {
          "schema_version": 0,
          "attributes": {
            "id": "aws-batch-rumble-function-role-20190622011656347400000001",
            "policy_arn": "arn:aws:iam::aws:policy/service-role/AWSLambdaBasicExecutionRole",
            "role": "aws-batch-rumble-function-role"
          },
          "dependencies": [
            "aws_iam_role.lambda-role"
          ]
        }
      ]
    },
    {
      "mode": "managed",
      "type": "aws_iam_role_policy_attachment",
      "name": "spot-fleet-policy",
      "provider": "provider.aws",
      "instances": [
        {
          "schema_version": 0,
          "attributes": {
            "id": "batch-spot-fleet-role-20190622011656349800000002",
            "policy_arn": "arn:aws:iam::aws:policy/service-role/AmazonEC2SpotFleetRole",
            "role": "batch-spot-fleet-role"
          },
          "dependencies": [
            "aws_iam_role.spot-fleet-role"
          ]
        }
      ]
    },
    {
      "mode": "managed",
      "type": "aws_iam_role_policy_attachment",
      "name": "task-role",
      "provider": "provider.aws",
      "instances": [
        {
          "schema_version": 0,
          "attributes": {
            "id": "aws-batch-rumble-task-role-20190622011915237300000001",
            "policy_arn": "arn:aws:iam::402072331520:policy/BatchSample/aws-batch-rumble-task-policy",
            "role": "aws-batch-rumble-task-role"
          },
          "dependencies": [
            "aws_dynamodb_table.rumble-job-table",
            "aws_iam_policy.task-policy",
            "aws_iam_role.task-role",
            "aws_s3_bucket.logs-bucket",
            "aws_s3_bucket.rumble-bucket"
          ]
        }
      ]
    },
    {
      "mode": "managed",
      "type": "aws_instance",
      "name": "lambda-coin",
      "provider": "provider.aws",
      "instances": [
        {
          "schema_version": 1,
          "attributes": {
            "ami": "ami-0e2e3e63c545211e2",
            "arn": "arn:aws:ec2:us-west-2:402072331520:instance/i-0d38dad75a9dee0d2",
            "associate_public_ip_address": true,
            "availability_zone": "us-west-2c",
            "cpu_core_count": 1,
            "cpu_threads_per_core": 1,
            "credit_specification": [
              {
                "cpu_credits": "standard"
              }
            ],
            "disable_api_termination": false,
            "ebs_block_device": [],
            "ebs_optimized": false,
            "ephemeral_block_device": [],
            "get_password_data": false,
            "hibernation": false,
            "host_id": null,
            "iam_instance_profile": "",
            "id": "i-0d38dad75a9dee0d2",
            "instance_initiated_shutdown_behavior": null,
            "instance_state": "running",
            "instance_type": "t2.micro",
            "ipv6_address_count": 0,
            "ipv6_addresses": [],
            "key_name": "ssh",
            "metadata_options": [
              {
                "http_endpoint": "enabled",
                "http_put_response_hop_limit": 1,
                "http_tokens": "optional"
              }
            ],
            "monitoring": false,
            "network_interface": [],
            "network_interface_id": null,
            "outpost_arn": "",
            "password_data": "",
            "placement_group": "",
            "primary_network_interface_id": "eni-05158edefa0d6717a",
            "private_dns": "ip-172-31-2-102.us-west-2.compute.internal",
            "private_ip": "172.31.2.102",
            "public_dns": "ec2-52-11-228-142.us-west-2.compute.amazonaws.com",
            "public_ip": "52.11.228.142",
            "root_block_device": [
              {
                "delete_on_termination": true,
                "device_name": "/dev/sda1",
                "encrypted": false,
                "iops": 100,
                "kms_key_id": "",
                "volume_id": "vol-07a556d7189e8fc79",
                "volume_size": 8,
                "volume_type": "gp2"
              }
            ],
            "security_groups": [
              "coin-security-group"
            ],
            "source_dest_check": true,
            "subnet_id": "subnet-ed998fb7",
            "tags": {},
            "tenancy": "default",
            "timeouts": null,
            "user_data": null,
            "user_data_base64": null,
            "volume_tags": {},
            "vpc_security_group_ids": [
              "sg-0e098aee28adf1ab2"
            ]
          },
          "private": "eyJlMmJmYjczMC1lY2FhLTExZTYtOGY4OC0zNDM2M2JjN2M0YzAiOnsiY3JlYXRlIjo2MDAwMDAwMDAwMDAsImRlbGV0ZSI6MTIwMDAwMDAwMDAwMCwidXBkYXRlIjo2MDAwMDAwMDAwMDB9LCJzY2hlbWFfdmVyc2lvbiI6IjEifQ==",
          "dependencies": [
            "aws_security_group.coin"
          ]
        }
      ]
    },
    {
      "mode": "managed",
      "type": "aws_lambda_event_source_mapping",
      "name": "lambda_event_maps_dynamodb",
      "provider": "provider.aws",
      "instances": [
        {
          "schema_version": 0,
          "attributes": {
            "batch_size": 100,
            "bisect_batch_on_function_error": false,
            "destination_config": [],
            "enabled": true,
            "event_source_arn": "arn:aws:dynamodb:us-west-2:402072331520:table/RumbleJob/stream/2020-07-13T04:46:26.975",
            "function_arn": "arn:aws:lambda:us-west-2:402072331520:function:aggregate",
            "function_name": "arn:aws:lambda:us-west-2:402072331520:function:aggregate",
            "id": "7da1213a-6283-477e-83a3-84cb8cb696e8",
            "last_modified": "2020-07-13T04:48:00Z",
            "last_processing_result": "No records processed",
            "maximum_batching_window_in_seconds": 0,
            "maximum_record_age_in_seconds": 604800,
            "maximum_retry_attempts": 10000,
            "parallelization_factor": 1,
            "starting_position": "LATEST",
            "starting_position_timestamp": null,
            "state": "Enabled",
            "state_transition_reason": "User action",
            "uuid": "7da1213a-6283-477e-83a3-84cb8cb696e8"
          },
          "private": "bnVsbA==",
          "dependencies": [
            "aws_dynamodb_table.rumble-job-table",
            "aws_iam_role.lambda-role",
            "aws_iam_role_policy_attachment.lambda-policy",
            "aws_lambda_function.aggregate-function"
          ]
        }
      ]
    },
    {
      "mode": "managed",
      "type": "aws_lambda_function",
      "name": "aggregate-function",
      "provider": "provider.aws",
      "instances": [
        {
          "schema_version": 0,
          "attributes": {
            "arn": "arn:aws:lambda:us-west-2:402072331520:function:aggregate",
            "dead_letter_config": [],
            "description": "",
            "environment": [
              {
                "variables": {
                  "DYNAMO_TABLE": "RumbleJob"
                }
              }
            ],
            "file_system_config": [],
            "filename": "../lambda/aggregate.zip",
            "function_name": "aggregate",
            "handler": "index.handler",
            "id": "aggregate",
            "invoke_arn": "arn:aws:apigateway:us-west-2:lambda:path/2015-03-31/functions/arn:aws:lambda:us-west-2:402072331520:function:aggregate/invocations",
            "kms_key_arn": "",
            "last_modified": "2020-07-14T06:33:05.694+0000",
            "layers": [],
            "memory_size": 128,
            "publish": false,
            "qualified_arn": "arn:aws:lambda:us-west-2:402072331520:function:aggregate:$LATEST",
            "reserved_concurrent_executions": -1,
            "role": "arn:aws:iam::402072331520:role/BatchSample/aws-batch-rumble-function-role",
            "runtime": "nodejs10.x",
            "s3_bucket": null,
            "s3_key": null,
            "s3_object_version": null,
            "source_code_hash": "UL/Dvhx/P8VqvPaNtor5hP6bH7ssYVgcMox2LYFIENY=",
            "source_code_size": 2044,
            "tags": {},
            "timeout": 900,
            "timeouts": {
              "create": null
            },
            "tracing_config": [
              {
                "mode": "PassThrough"
              }
            ],
            "version": "$LATEST",
            "vpc_config": []
          },
          "private": "eyJlMmJmYjczMC1lY2FhLTExZTYtOGY4OC0zNDM2M2JjN2M0YzAiOnsiY3JlYXRlIjo2MDAwMDAwMDAwMDB9fQ==",
          "dependencies": [
            "aws_dynamodb_table.rumble-job-table",
            "aws_iam_role.lambda-role",
            "aws_iam_role_policy_attachment.lambda-policy"
          ]
        }
      ]
    },
    {
      "mode": "managed",
      "type": "aws_lambda_function",
      "name": "auth-function",
      "provider": "provider.aws.east",
      "instances": [
        {
          "schema_version": 0,
          "attributes": {
            "arn": "arn:aws:lambda:us-east-1:402072331520:function:auth",
            "dead_letter_config": [],
            "description": "",
            "environment": [],
            "file_system_config": [],
            "filename": "../lambda/auth.zip",
            "function_name": "auth",
            "handler": "index.handler",
            "id": "auth",
            "invoke_arn": "arn:aws:apigateway:us-east-1:lambda:path/2015-03-31/functions/arn:aws:lambda:us-east-1:402072331520:function:auth/invocations",
            "kms_key_arn": "",
            "last_modified": "2020-07-14T06:32:55.453+0000",
            "layers": [],
            "memory_size": 128,
            "publish": true,
            "qualified_arn": "arn:aws:lambda:us-east-1:402072331520:function:auth:6",
            "reserved_concurrent_executions": -1,
            "role": "arn:aws:iam::402072331520:role/lambda-edge-role",
            "runtime": "nodejs10.x",
            "s3_bucket": null,
            "s3_key": null,
            "s3_object_version": null,
            "source_code_hash": "RxRFRdVZJppXXyeWlOdsDqRSDhsLSf+kqvOx0n0FnNk=",
            "source_code_size": 1068,
            "tags": {},
            "timeout": 3,
            "timeouts": {
              "create": null
            },
            "tracing_config": [
              {
                "mode": "PassThrough"
              }
            ],
            "version": "6",
            "vpc_config": []
          },
          "private": "eyJlMmJmYjczMC1lY2FhLTExZTYtOGY4OC0zNDM2M2JjN2M0YzAiOnsiY3JlYXRlIjo2MDAwMDAwMDAwMDB9fQ==",
          "dependencies": [
            "aws_iam_role.lambda-edge-role",
            "aws_iam_role_policy_attachment.lambda-policy"
          ]
        }
      ]
    },
    {
      "mode": "managed",
      "type": "aws_lambda_function",
      "name": "grader-function",
      "provider": "provider.aws",
      "instances": [
        {
          "schema_version": 0,
          "attributes": {
            "arn": "arn:aws:lambda:us-west-2:402072331520:function:grader",
            "dead_letter_config": [],
            "description": "",
            "environment": [
              {
                "variables": {
                  "URL_AUTH": "dGhlY2F0OmxvbHpsb2x6"
                }
              }
            ],
            "file_system_config": [],
            "filename": "../lambda/grader.zip",
            "function_name": "grader",
            "handler": "grader.lambda",
            "id": "grader",
            "invoke_arn": "arn:aws:apigateway:us-west-2:lambda:path/2015-03-31/functions/arn:aws:lambda:us-west-2:402072331520:function:grader/invocations",
            "kms_key_arn": "",
            "last_modified": "2020-07-14T06:33:04.181+0000",
            "layers": [],
            "memory_size": 512,
            "publish": true,
            "qualified_arn": "arn:aws:lambda:us-west-2:402072331520:function:grader:24",
            "reserved_concurrent_executions": -1,
            "role": "arn:aws:iam::402072331520:role/BatchSample/aws-batch-rumble-function-role",
            "runtime": "nodejs10.x",
            "s3_bucket": null,
            "s3_key": null,
            "s3_object_version": null,
            "source_code_hash": "gpf2k+q+hGmxoQ7/wfIvZwAvT4Z2l52ztJOwv0wICLE=",
            "source_code_size": 4571544,
            "tags": {},
            "timeout": 900,
            "timeouts": {
              "create": null
            },
            "tracing_config": [
              {
                "mode": "PassThrough"
              }
            ],
            "version": "24",
            "vpc_config": []
          },
          "private": "eyJlMmJmYjczMC1lY2FhLTExZTYtOGY4OC0zNDM2M2JjN2M0YzAiOnsiY3JlYXRlIjo2MDAwMDAwMDAwMDB9fQ==",
          "dependencies": [
            "aws_iam_role.lambda-role",
            "aws_iam_role_policy_attachment.lambda-policy"
          ]
        }
      ]
    },
    {
      "mode": "managed",
      "type": "aws_lambda_function",
      "name": "rumble-function",
      "provider": "provider.aws",
      "instances": [
        {
          "schema_version": 0,
          "attributes": {
            "arn": "arn:aws:lambda:us-west-2:402072331520:function:rumble",
            "dead_letter_config": [],
            "description": "",
            "environment": [
              {
                "variables": {
                  "DYNAMO_TABLE": "RumbleJob",
                  "ECR_REPO": "402072331520.dkr.ecr.us-west-2.amazonaws.com/thecat/rumble",
                  "S3_BUCKET_DOMAIN": "www.rumbletoon.com.s3.amazonaws.com",
                  "S3_BUCKET_NAME": "www.rumbletoon.com"
                }
              }
            ],
            "file_system_config": [],
            "filename": "../lambda/rumble.zip",
            "function_name": "rumble",
            "handler": "index.handler",
            "id": "rumble",
            "invoke_arn": "arn:aws:apigateway:us-west-2:lambda:path/2015-03-31/functions/arn:aws:lambda:us-west-2:402072331520:function:rumble/invocations",
            "kms_key_arn": "",
            "last_modified": "2020-07-14T06:33:06.719+0000",
            "layers": [],
            "memory_size": 128,
            "publish": false,
            "qualified_arn": "arn:aws:lambda:us-west-2:402072331520:function:rumble:$LATEST",
            "reserved_concurrent_executions": -1,
            "role": "arn:aws:iam::402072331520:role/BatchSample/aws-batch-rumble-function-role",
            "runtime": "nodejs10.x",
            "s3_bucket": null,
            "s3_key": null,
            "s3_object_version": null,
            "source_code_hash": "Zlay8cQIc4ilvw0IfKPaTwNXsdNDJ9+Q3AmMh22TwKw=",
            "source_code_size": 69050,
            "tags": {},
            "timeout": 900,
            "timeouts": {
              "create": null
            },
            "tracing_config": [
              {
                "mode": "PassThrough"
              }
            ],
            "version": "$LATEST",
            "vpc_config": []
          },
          "private": "eyJlMmJmYjczMC1lY2FhLTExZTYtOGY4OC0zNDM2M2JjN2M0YzAiOnsiY3JlYXRlIjo2MDAwMDAwMDAwMDB9fQ==",
          "dependencies": [
            "aws_dynamodb_table.rumble-job-table",
            "aws_ecr_repository.rumble-job-repo",
            "aws_iam_role.lambda-role",
            "aws_iam_role_policy_attachment.lambda-policy",
            "aws_s3_bucket.rumble-bucket"
          ]
        }
      ]
    },
    {
      "mode": "managed",
      "type": "aws_lambda_function",
      "name": "validate-function",
      "provider": "provider.aws",
      "instances": [
        {
          "schema_version": 0,
          "attributes": {
            "arn": "arn:aws:lambda:us-west-2:402072331520:function:validate",
            "dead_letter_config": [],
            "description": "",
            "environment": [
              {
                "variables": {
                  "DYNAMO_TABLE": "RumbleJob"
                }
              }
            ],
            "file_system_config": [],
            "filename": "../lambda/validate.zip",
            "function_name": "validate",
            "handler": "index.handler",
            "id": "validate",
            "invoke_arn": "arn:aws:apigateway:us-west-2:lambda:path/2015-03-31/functions/arn:aws:lambda:us-west-2:402072331520:function:validate/invocations",
            "kms_key_arn": "",
            "last_modified": "2020-07-14T06:32:54.279+0000",
            "layers": [],
            "memory_size": 128,
            "publish": false,
            "qualified_arn": "arn:aws:lambda:us-west-2:402072331520:function:validate:$LATEST",
            "reserved_concurrent_executions": -1,
            "role": "arn:aws:iam::402072331520:role/BatchSample/aws-batch-rumble-function-role",
            "runtime": "nodejs10.x",
            "s3_bucket": null,
            "s3_key": null,
            "s3_object_version": null,
            "source_code_hash": "tYMzwoUtOu44I1FI33GnVdBz6dJFA5m66Ku9hDqqYYQ=",
            "source_code_size": 1919,
            "tags": {},
            "timeout": 900,
            "timeouts": null,
            "tracing_config": [
              {
                "mode": "PassThrough"
              }
            ],
            "version": "$LATEST",
            "vpc_config": []
          },
          "private": "eyJlMmJmYjczMC1lY2FhLTExZTYtOGY4OC0zNDM2M2JjN2M0YzAiOnsiY3JlYXRlIjo2MDAwMDAwMDAwMDB9fQ==",
          "dependencies": [
            "aws_dynamodb_table.rumble-job-table",
            "aws_iam_role.lambda-role",
            "aws_iam_role_policy_attachment.lambda-policy"
          ]
        }
      ]
    },
    {
      "mode": "managed",
      "type": "aws_lambda_permission",
      "name": "allow_cloudwatch_to_rumble",
      "provider": "provider.aws",
      "instances": [
        {
          "schema_version": 0,
          "attributes": {
            "action": "lambda:InvokeFunction",
            "event_source_token": null,
            "function_name": "rumble",
            "id": "AllowExecutionFromCloudWatch",
            "principal": "events.amazonaws.com",
            "qualifier": "",
            "source_account": null,
            "source_arn": "arn:aws:events:us-west-2:402072331520:rule/every-minute",
            "statement_id": "AllowExecutionFromCloudWatch",
            "statement_id_prefix": null
          },
          "dependencies": [
            "aws_cloudwatch_event_rule.every-minute",
            "aws_dynamodb_table.rumble-job-table",
            "aws_ecr_repository.rumble-job-repo",
            "aws_iam_policy.lambda-policy",
            "aws_iam_role.lambda-role",
            "aws_iam_role.task-role",
            "aws_iam_role_policy_attachment.lambda-policy",
            "aws_lambda_function.rumble-function",
            "aws_s3_bucket.rumble-bucket"
          ]
        }
      ]
    },
    {
      "mode": "managed",
      "type": "aws_route53_record",
      "name": "coin",
      "provider": "provider.aws",
      "instances": [
        {
          "schema_version": 2,
          "attributes": {
            "alias": [],
            "allow_overwrite": null,
            "failover_routing_policy": [],
            "fqdn": "coin.rumbletoon.com",
            "geolocation_routing_policy": [],
            "health_check_id": "",
            "id": "ZLNJ9GI2VIK7J_coin.rumbletoon.com_CNAME",
            "latency_routing_policy": [],
            "multivalue_answer_routing_policy": null,
            "name": "coin.rumbletoon.com",
            "records": [
              "ec2-52-11-228-142.us-west-2.compute.amazonaws.com"
            ],
            "set_identifier": "",
            "ttl": 300,
            "type": "CNAME",
            "weighted_routing_policy": [],
            "zone_id": "ZLNJ9GI2VIK7J"
          },
          "private": "eyJzY2hlbWFfdmVyc2lvbiI6IjIifQ==",
          "dependencies": [
            "aws_instance.lambda-coin",
            "aws_route53_zone.rumbletoon",
            "aws_security_group.coin"
          ]
        }
      ]
    },
    {
      "mode": "managed",
      "type": "aws_route53_record",
      "name": "logs",
      "provider": "provider.aws",
      "instances": [
        {
          "schema_version": 2,
          "attributes": {
            "alias": [
              {
                "evaluate_target_health": false,
                "name": "d374772bqvufn9.cloudfront.net",
                "zone_id": "Z2FDTNDATAQYW2"
              }
            ],
            "allow_overwrite": null,
            "failover_routing_policy": [],
            "fqdn": "logs.rumbletoon.com",
            "geolocation_routing_policy": [],
            "health_check_id": "",
            "id": "ZLNJ9GI2VIK7J_logs.rumbletoon.com_A",
            "latency_routing_policy": [],
            "multivalue_answer_routing_policy": null,
            "name": "logs.rumbletoon.com",
            "records": [],
            "set_identifier": "",
            "ttl": 0,
            "type": "A",
            "weighted_routing_policy": [],
            "zone_id": "ZLNJ9GI2VIK7J"
          },
          "dependencies": [
            "aws_acm_certificate.certificate",
            "aws_cloudfront_distribution.logs_distribution",
            "aws_route53_zone.rumbletoon",
            "aws_s3_bucket.logs-bucket"
          ]
        }
      ]
    },
    {
      "mode": "managed",
      "type": "aws_route53_record",
      "name": "rumbletoon",
      "provider": "provider.aws",
      "instances": [
        {
          "schema_version": 2,
          "attributes": {
            "alias": [],
            "allow_overwrite": true,
            "failover_routing_policy": [],
            "fqdn": "rumbletoon.com",
            "geolocation_routing_policy": [],
            "health_check_id": "",
            "id": "ZLNJ9GI2VIK7J_rumbletoon.com_NS",
            "latency_routing_policy": [],
            "multivalue_answer_routing_policy": null,
            "name": "rumbletoon.com",
            "records": [
              "ns-142.awsdns-17.com.",
              "ns-1451.awsdns-53.org.",
              "ns-1876.awsdns-42.co.uk.",
              "ns-836.awsdns-40.net."
            ],
            "set_identifier": "",
            "ttl": 300,
            "type": "NS",
            "weighted_routing_policy": [],
            "zone_id": "ZLNJ9GI2VIK7J"
          },
          "dependencies": [
            "aws_route53_zone.rumbletoon"
          ]
        }
      ]
    },
    {
      "mode": "managed",
      "type": "aws_route53_record",
      "name": "rumbletoon-gsuite",
      "provider": "provider.aws",
      "instances": [
        {
          "schema_version": 2,
          "attributes": {
            "alias": [],
            "allow_overwrite": true,
            "failover_routing_policy": [],
            "fqdn": "rumbletoon.com",
            "geolocation_routing_policy": [],
            "health_check_id": "",
            "id": "ZLNJ9GI2VIK7J_rumbletoon.com_TXT",
            "latency_routing_policy": [],
            "multivalue_answer_routing_policy": null,
            "name": "rumbletoon.com",
            "records": [
              "google-site-verification=lRLHMHc_bZVi0J_7FxsvvP5qILFvKIDS5PS2TdSoAEg"
            ],
            "set_identifier": "",
            "ttl": 300,
            "type": "TXT",
            "weighted_routing_policy": [],
            "zone_id": "ZLNJ9GI2VIK7J"
          },
          "dependencies": [
            "aws_route53_zone.rumbletoon"
          ]
        }
      ]
    },
    {
      "mode": "managed",
      "type": "aws_route53_record",
      "name": "rumbletoon-mx",
      "provider": "provider.aws",
      "instances": [
        {
          "schema_version": 2,
          "attributes": {
            "alias": [],
            "allow_overwrite": true,
            "failover_routing_policy": [],
            "fqdn": "rumbletoon.com",
            "geolocation_routing_policy": [],
            "health_check_id": "",
            "id": "ZLNJ9GI2VIK7J_rumbletoon.com_MX",
            "latency_routing_policy": [],
            "multivalue_answer_routing_policy": null,
            "name": "rumbletoon.com",
            "records": [
              "1 ASPMX.L.GOOGLE.COM.",
              "10 ASPMX2.GOOGLEMAIL.COM.",
              "10 ASPMX3.GOOGLEMAIL.COM.",
              "5 ALT1.ASPMX.L.GOOGLE.COM.",
              "5 ALT2.ASPMX.L.GOOGLE.COM."
            ],
            "set_identifier": "",
            "ttl": 300,
            "type": "MX",
            "weighted_routing_policy": [],
            "zone_id": "ZLNJ9GI2VIK7J"
          },
          "dependencies": [
            "aws_route53_zone.rumbletoon"
          ]
        }
      ]
    },
    {
      "mode": "managed",
      "type": "aws_route53_record",
      "name": "www",
      "provider": "provider.aws",
      "instances": [
        {
          "schema_version": 2,
          "attributes": {
            "alias": [
              {
                "evaluate_target_health": false,
                "name": "d2leyjwd489dpu.cloudfront.net",
                "zone_id": "Z2FDTNDATAQYW2"
              }
            ],
            "allow_overwrite": null,
            "failover_routing_policy": [],
            "fqdn": "www.rumbletoon.com",
            "geolocation_routing_policy": [],
            "health_check_id": "",
            "id": "ZLNJ9GI2VIK7J_www.rumbletoon.com_A",
            "latency_routing_policy": [],
            "multivalue_answer_routing_policy": null,
            "name": "www.rumbletoon.com",
            "records": [],
            "set_identifier": "",
            "ttl": 0,
            "type": "A",
            "weighted_routing_policy": [],
            "zone_id": "ZLNJ9GI2VIK7J"
          },
          "dependencies": [
            "aws_acm_certificate.certificate",
            "aws_cloudfront_distribution.www_distribution",
            "aws_iam_policy.lambda-policy",
            "aws_iam_role.lambda-edge-role",
            "aws_iam_role.lambda-role",
            "aws_iam_role.task-role",
            "aws_iam_role_policy_attachment.lambda-policy",
            "aws_lambda_function.auth-function",
            "aws_route53_zone.rumbletoon",
            "aws_s3_bucket.rumble-bucket"
          ]
        }
      ]
    },
    {
      "mode": "managed",
      "type": "aws_route53_zone",
      "name": "rumbletoon",
      "provider": "provider.aws",
      "instances": [
        {
          "schema_version": 0,
          "attributes": {
            "comment": "Managed by Terraform",
            "delegation_set_id": "",
            "force_destroy": null,
            "id": "ZLNJ9GI2VIK7J",
            "name": "rumbletoon.com.",
            "name_servers": [
              "ns-142.awsdns-17.com",
              "ns-1451.awsdns-53.org",
              "ns-1876.awsdns-42.co.uk",
              "ns-836.awsdns-40.net"
            ],
            "tags": {},
            "vpc": [],
            "vpc_id": null,
            "vpc_region": null,
            "zone_id": "ZLNJ9GI2VIK7J"
          }
        }
      ]
    },
    {
      "mode": "managed",
      "type": "aws_s3_bucket",
      "name": "logs-bucket",
      "provider": "provider.aws",
      "instances": [
        {
          "schema_version": 0,
          "attributes": {
            "acceleration_status": "",
            "acl": "private",
            "arn": "arn:aws:s3:::logs.rumbletoon.com",
            "bucket": "logs.rumbletoon.com",
            "bucket_domain_name": "logs.rumbletoon.com.s3.amazonaws.com",
            "bucket_prefix": null,
            "bucket_regional_domain_name": "logs.rumbletoon.com.s3.us-west-2.amazonaws.com",
            "cors_rule": [
              {
                "allowed_headers": [
                  "*"
                ],
                "allowed_methods": [
                  "GET",
                  "HEAD"
                ],
                "allowed_origins": [
                  "https://www.rumbletoon.com",
                  "http://localhost:3000",
                  "https://localhost:3000"
                ],
                "expose_headers": [],
                "max_age_seconds": 3000
              }
            ],
            "force_destroy": false,
            "grant": [],
            "hosted_zone_id": "Z3BJ6K6RIION7M",
            "id": "logs.rumbletoon.com",
            "lifecycle_rule": [],
            "logging": [],
            "object_lock_configuration": [],
            "policy": "{\"Statement\":[{\"Action\":\"s3:GetObject\",\"Effect\":\"Allow\",\"Principal\":\"*\",\"Resource\":\"arn:aws:s3:::logs.rumbletoon.com/*\"}],\"Version\":\"2012-10-17\"}",
            "region": "us-west-2",
            "replication_configuration": [],
            "request_payer": "BucketOwner",
            "server_side_encryption_configuration": [],
            "tags": {},
            "versioning": [
              {
                "enabled": false,
                "mfa_delete": false
              }
            ],
            "website": [
              {
                "error_document": "404.html",
                "index_document": "index.html",
                "redirect_all_requests_to": "",
                "routing_rules": ""
              }
            ],
            "website_domain": "s3-website-us-west-2.amazonaws.com",
            "website_endpoint": "logs.rumbletoon.com.s3-website-us-west-2.amazonaws.com"
          }
        }
      ]
    },
    {
      "mode": "managed",
      "type": "aws_s3_bucket",
      "name": "rumble-bucket",
      "provider": "provider.aws",
      "instances": [
        {
          "schema_version": 0,
          "attributes": {
            "acceleration_status": "",
            "acl": "private",
            "arn": "arn:aws:s3:::www.rumbletoon.com",
            "bucket": "www.rumbletoon.com",
            "bucket_domain_name": "www.rumbletoon.com.s3.amazonaws.com",
            "bucket_prefix": null,
            "bucket_regional_domain_name": "www.rumbletoon.com.s3.us-west-2.amazonaws.com",
            "cors_rule": [
              {
                "allowed_headers": [
                  "*"
                ],
                "allowed_methods": [
                  "GET",
                  "HEAD"
                ],
                "allowed_origins": [
                  "https://www.rumbletoon.com",
                  "http://localhost:3000",
                  "https://localhost:3000"
                ],
                "expose_headers": [],
                "max_age_seconds": 3000
              }
            ],
            "force_destroy": false,
            "grant": [],
            "hosted_zone_id": "Z3BJ6K6RIION7M",
            "id": "www.rumbletoon.com",
            "lifecycle_rule": [],
            "logging": [],
            "object_lock_configuration": [],
            "policy": "{\"Statement\":[{\"Action\":\"s3:GetObject\",\"Effect\":\"Allow\",\"Principal\":\"*\",\"Resource\":\"arn:aws:s3:::www.rumbletoon.com/*\"}],\"Version\":\"2012-10-17\"}",
            "region": "us-west-2",
            "replication_configuration": [],
            "request_payer": "BucketOwner",
            "server_side_encryption_configuration": [],
            "tags": {},
            "versioning": [
              {
                "enabled": false,
                "mfa_delete": false
              }
            ],
            "website": [
              {
                "error_document": "404.html",
                "index_document": "index.html",
                "redirect_all_requests_to": "",
                "routing_rules": ""
              }
            ],
            "website_domain": "s3-website-us-west-2.amazonaws.com",
            "website_endpoint": "www.rumbletoon.com.s3-website-us-west-2.amazonaws.com"
          }
        }
      ]
    },
    {
      "mode": "managed",
      "type": "aws_security_group",
      "name": "coin",
      "provider": "provider.aws",
      "instances": [
        {
          "schema_version": 1,
          "attributes": {
            "arn": "arn:aws:ec2:us-west-2:402072331520:security-group/sg-0e098aee28adf1ab2",
            "description": "AWS Batch Security Group",
            "egress": [
              {
                "cidr_blocks": [
                  "0.0.0.0/0"
                ],
                "description": "",
                "from_port": 0,
                "ipv6_cidr_blocks": [],
                "prefix_list_ids": [],
                "protocol": "tcp",
                "security_groups": [],
                "self": false,
                "to_port": 65535
              }
            ],
            "id": "sg-0e098aee28adf1ab2",
            "ingress": [
              {
                "cidr_blocks": [
                  "0.0.0.0/0"
                ],
                "description": "",
                "from_port": 22,
                "ipv6_cidr_blocks": [],
                "prefix_list_ids": [],
                "protocol": "tcp",
                "security_groups": [],
                "self": false,
                "to_port": 22
              },
              {
                "cidr_blocks": [
                  "0.0.0.0/0"
                ],
                "description": "",
                "from_port": 8332,
                "ipv6_cidr_blocks": [],
                "prefix_list_ids": [],
                "protocol": "tcp",
                "security_groups": [],
                "self": false,
                "to_port": 8332
              }
            ],
            "name": "coin-security-group",
            "name_prefix": null,
            "owner_id": "402072331520",
            "revoke_rules_on_delete": false,
            "tags": {},
            "timeouts": null,
            "vpc_id": "vpc-e67ed49e"
          }
        }
      ]
    },
    {
      "mode": "managed",
      "type": "aws_security_group",
      "name": "rumble-batch",
      "provider": "provider.aws",
      "instances": [
        {
          "schema_version": 1,
          "attributes": {
            "arn": "arn:aws:ec2:us-west-2:402072331520:security-group/sg-08a7982d1b6aae21d",
            "description": "AWS Batch Security Group",
            "egress": [
              {
                "cidr_blocks": [
                  "0.0.0.0/0"
                ],
                "description": "",
                "from_port": 0,
                "ipv6_cidr_blocks": [],
                "prefix_list_ids": [],
                "protocol": "tcp",
                "security_groups": [],
                "self": false,
                "to_port": 65535
              }
            ],
            "id": "sg-08a7982d1b6aae21d",
            "ingress": [],
            "name": "aws-batch-rumble-security-group",
            "name_prefix": null,
            "owner_id": "402072331520",
            "revoke_rules_on_delete": false,
            "tags": {},
            "timeouts": {
              "create": null,
              "delete": null
            },
            "vpc_id": "vpc-e67ed49e"
          }
        }
      ]
    }
  ]
}
